{
  "originHash" : "eca2817b4d90315691976aea9cb02116833fe267ab3a0e67620c4b9eda239428",
  "pins" : [
    {
      "identity" : "clicore",
      "kind" : "remoteSourceControl",
      "location" : "https://github.com/smittytone/clicore",
      "state" : {
        "branch" : "develop",
        "revision" : "e45b7bd73befdacf474adfd98b1f8cc6634b9df3"
      }
    }
  ],
  "version" : 3
}
