// !$*UTF8*$!
{
	archiveVersion = 1;
	classes = {
	};
	objectVersion = 77;
	objects = {

/* Begin PBXBuildFile section */
		3B0C90192D5CABD2003FD494 /* mac_aliases.swift in Sources */ = {isa = PBXBuildFile; fileRef = 3B0C90182D5CABD2003FD494 /* mac_aliases.swift */; };
		3B3BF18B2D5F50970083DE56 /* entities.swift in Sources */ = {isa = PBXBuildFile; fileRef = 3B3BF18A2D5F50970083DE56 /* entities.swift */; };
		3B3BF1972D5F57800083DE56 /* main.swift in Sources */ = {isa = PBXBuildFile; fileRef = 3BF2DC6D2D50E0A900520F48 /* main.swift */; };
		3B3BF1982D5F57890083DE56 /* mac_aliases.swift in Sources */ = {isa = PBXBuildFile; fileRef = 3B0C90182D5CABD2003FD494 /* mac_aliases.swift */; };
		3B3BF1992D5F57BD0083DE56 /* entities.swift in Sources */ = {isa = PBXBuildFile; fileRef = 3B3BF18A2D5F50970083DE56 /* entities.swift */; };
		3B3BF19C2D5F5A780083DE56 /* terminal_output.swift in Sources */ = {isa = PBXBuildFile; fileRef = 3BF2DC6E2D50E0A900520F48 /* terminal_output.swift */; };
		3B3BF19D2D5F5A820083DE56 /* extensions.swift in Sources */ = {isa = PBXBuildFile; fileRef = 3B8D30F92D5E21EF0019031C /* extensions.swift */; };
		3B8D30FA2D5E21EF0019031C /* extensions.swift in Sources */ = {isa = PBXBuildFile; fileRef = 3B8D30F92D5E21EF0019031C /* extensions.swift */; };
		3BAE669F2D539A3300AB79D3 /* linux_version.swift in Sources */ = {isa = PBXBuildFile; fileRef = 3BAE669E2D539A3300AB79D3 /* linux_version.swift */; };
		3BF2DC702D50E0A900520F48 /* main.swift in Sources */ = {isa = PBXBuildFile; fileRef = 3BF2DC6D2D50E0A900520F48 /* main.swift */; };
		3BF2DC712D50E0A900520F48 /* terminal_output.swift in Sources */ = {isa = PBXBuildFile; fileRef = 3BF2DC6E2D50E0A900520F48 /* terminal_output.swift */; };
/* End PBXBuildFile section */

/* Begin PBXCopyFilesBuildPhase section */
		3BF2DC582D50C07E00520F48 /* CopyFiles */ = {
			isa = PBXCopyFilesBuildPhase;
			buildActionMask = 2147483647;
			dstPath = /usr/share/man/man1/;
			dstSubfolderSpec = 0;
			files = (
			);
			runOnlyForDeploymentPostprocessing = 1;
		};
/* End PBXCopyFilesBuildPhase section */

/* Begin PBXFileReference section */
		3B0C90182D5CABD2003FD494 /* mac_aliases.swift */ = {isa = PBXFileReference; lastKnownFileType = sourcecode.swift; path = mac_aliases.swift; sourceTree = "<group>"; };
		3B3BF18A2D5F50970083DE56 /* entities.swift */ = {isa = PBXFileReference; lastKnownFileType = sourcecode.swift; path = entities.swift; sourceTree = "<group>"; };
		3B3BF1902D5F57400083DE56 /* testDlist.xctest */ = {isa = PBXFileReference; explicitFileType = wrapper.cfbundle; includeInIndex = 0; path = testDlist.xctest; sourceTree = BUILT_PRODUCTS_DIR; };
		3B8D30F92D5E21EF0019031C /* extensions.swift */ = {isa = PBXFileReference; lastKnownFileType = sourcecode.swift; path = extensions.swift; sourceTree = "<group>"; };
		3BAE669E2D539A3300AB79D3 /* linux_version.swift */ = {isa = PBXFileReference; lastKnownFileType = sourcecode.swift; path = linux_version.swift; sourceTree = "<group>"; };
		3BAE66A12D53A1FE00AB79D3 /* bumpbuild.sh */ = {isa = PBXFileReference; lastKnownFileType = text.script.sh; path = bumpbuild.sh; sourceTree = "<group>"; };
		3BF2DC5A2D50C07E00520F48 /* dlist */ = {isa = PBXFileReference; explicitFileType = "compiled.mach-o.executable"; includeInIndex = 0; path = dlist; sourceTree = BUILT_PRODUCTS_DIR; };
		3BF2DC6C2D50E0A900520F48 /* Info.plist */ = {isa = PBXFileReference; lastKnownFileType = text.plist.xml; path = Info.plist; sourceTree = "<group>"; };
		3BF2DC6D2D50E0A900520F48 /* main.swift */ = {isa = PBXFileReference; lastKnownFileType = sourcecode.swift; path = main.swift; sourceTree = "<group>"; };
		3BF2DC6E2D50E0A900520F48 /* terminal_output.swift */ = {isa = PBXFileReference; lastKnownFileType = sourcecode.swift; path = terminal_output.swift; sourceTree = "<group>"; };
		3BF2DC912D50ECAB00520F48 /* LICENSE.md */ = {isa = PBXFileReference; lastKnownFileType = net.daringfireball.markdown; path = LICENSE.md; sourceTree = "<group>"; };
		3BF2DC922D50ECB600520F48 /* README.md */ = {isa = PBXFileReference; lastKnownFileType = net.daringfireball.markdown; path = README.md; sourceTree = "<group>"; };
/* End PBXFileReference section */

/* Begin PBXFileSystemSynchronizedRootGroup section */
		3B3BF1912D5F57400083DE56 /* testDlist */ = {
			isa = PBXFileSystemSynchronizedRootGroup;
			path = testDlist;
			sourceTree = "<group>";
		};
/* End PBXFileSystemSynchronizedRootGroup section */

/* Begin PBXFrameworksBuildPhase section */
		3B3BF18D2D5F57400083DE56 /* Frameworks */ = {
			isa = PBXFrameworksBuildPhase;
			buildActionMask = 2147483647;
			files = (
			);
			runOnlyForDeploymentPostprocessing = 0;
		};
		3BF2DC572D50C07E00520F48 /* Frameworks */ = {
			isa = PBXFrameworksBuildPhase;
			buildActionMask = 2147483647;
			files = (
			);
			runOnlyForDeploymentPostprocessing = 0;
		};
/* End PBXFrameworksBuildPhase section */

/* Begin PBXGroup section */
		3BF2DC512D50C07E00520F48 = {
			isa = PBXGroup;
			children = (
				3BF2DC6F2D50E0A900520F48 /* dlist */,
				3BF2DC8E2D50EC8700520F48 /* Misc */,
				3B3BF1912D5F57400083DE56 /* testDlist */,
				3BF2DC5B2D50C07E00520F48 /* Products */,
			);
			sourceTree = "<group>";
		};
		3BF2DC5B2D50C07E00520F48 /* Products */ = {
			isa = PBXGroup;
			children = (
				3BF2DC5A2D50C07E00520F48 /* dlist */,
				3B3BF1902D5F57400083DE56 /* testDlist.xctest */,
			);
			name = Products;
			sourceTree = "<group>";
		};
		3BF2DC6F2D50E0A900520F48 /* dlist */ = {
			isa = PBXGroup;
			children = (
				3BF2DC6D2D50E0A900520F48 /* main.swift */,
				3BF2DC6E2D50E0A900520F48 /* terminal_output.swift */,
				3B0C90182D5CABD2003FD494 /* mac_aliases.swift */,
				3B8D30F92D5E21EF0019031C /* extensions.swift */,
				3B3BF18A2D5F50970083DE56 /* entities.swift */,
				3BAE669E2D539A3300AB79D3 /* linux_version.swift */,
				3BF2DC6C2D50E0A900520F48 /* Info.plist */,
			);
			path = dlist;
			sourceTree = "<group>";
		};
		3BF2DC8E2D50EC8700520F48 /* Misc */ = {
			isa = PBXGroup;
			children = (
				3BF2DC912D50ECAB00520F48 /* LICENSE.md */,
				3BF2DC922D50ECB600520F48 /* README.md */,
				3BAE66A12D53A1FE00AB79D3 /* bumpbuild.sh */,
			);
			name = Misc;
			sourceTree = "<group>";
		};
/* End PBXGroup section */

/* Begin PBXNativeTarget section */
		3B3BF18F2D5F57400083DE56 /* testDlist */ = {
			isa = PBXNativeTarget;
			buildConfigurationList = 3B3BF1942D5F57400083DE56 /* Build configuration list for PBXNativeTarget "testDlist" */;
			buildPhases = (
				3B3BF18C2D5F57400083DE56 /* Sources */,
				3B3BF18D2D5F57400083DE56 /* Frameworks */,
				3B3BF18E2D5F57400083DE56 /* Resources */,
			);
			buildRules = (
			);
			dependencies = (
			);
			fileSystemSynchronizedGroups = (
				3B3BF1912D5F57400083DE56 /* testDlist */,
			);
			name = testDlist;
			packageProductDependencies = (
			);
			productName = testDlist;
			productReference = 3B3BF1902D5F57400083DE56 /* testDlist.xctest */;
			productType = "com.apple.product-type.bundle.unit-test";
		};
		3BF2DC592D50C07E00520F48 /* dlist */ = {
			isa = PBXNativeTarget;
			buildConfigurationList = 3BF2DC612D50C07E00520F48 /* Build configuration list for PBXNativeTarget "dlist" */;
			buildPhases = (
				3BF2DC562D50C07E00520F48 /* Sources */,
				3BF2DC572D50C07E00520F48 /* Frameworks */,
				3BF2DC582D50C07E00520F48 /* CopyFiles */,
			);
			buildRules = (
			);
			dependencies = (
			);
			name = dlist;
			packageProductDependencies = (
			);
			productName = dlist;
			productReference = 3BF2DC5A2D50C07E00520F48 /* dlist */;
			productType = "com.apple.product-type.tool";
		};
/* End PBXNativeTarget section */

/* Begin PBXProject section */
		3BF2DC522D50C07E00520F48 /* Project object */ = {
			isa = PBXProject;
			attributes = {
				BuildIndependentTargetsInParallel = 1;
				LastSwiftUpdateCheck = 1620;
				LastUpgradeCheck = 1620;
				TargetAttributes = {
					3B3BF18F2D5F57400083DE56 = {
						CreatedOnToolsVersion = 16.2;
					};
					3BF2DC592D50C07E00520F48 = {
						CreatedOnToolsVersion = 16.2;
					};
				};
			};
			buildConfigurationList = 3BF2DC552D50C07E00520F48 /* Build configuration list for PBXProject "dlist" */;
			developmentRegion = en;
			hasScannedForEncodings = 0;
			knownRegions = (
				en,
				Base,
			);
			mainGroup = 3BF2DC512D50C07E00520F48;
			minimizedProjectReferenceProxies = 1;
			preferredProjectObjectVersion = 77;
			productRefGroup = 3BF2DC5B2D50C07E00520F48 /* Products */;
			projectDirPath = "";
			projectRoot = "";
			targets = (
				3BF2DC592D50C07E00520F48 /* dlist */,
				3B3BF18F2D5F57400083DE56 /* testDlist */,
			);
		};
/* End PBXProject section */

/* Begin PBXResourcesBuildPhase section */
		3B3BF18E2D5F57400083DE56 /* Resources */ = {
			isa = PBXResourcesBuildPhase;
			buildActionMask = 2147483647;
			files = (
			);
			runOnlyForDeploymentPostprocessing = 0;
		};
/* End PBXResourcesBuildPhase section */

/* Begin PBXSourcesBuildPhase section */
		3B3BF18C2D5F57400083DE56 /* Sources */ = {
			isa = PBXSourcesBuildPhase;
			buildActionMask = 2147483647;
			files = (
				3B3BF1972D5F57800083DE56 /* main.swift in Sources */,
				3B3BF1982D5F57890083DE56 /* mac_aliases.swift in Sources */,
				3B3BF19D2D5F5A820083DE56 /* extensions.swift in Sources */,
				3B3BF1992D5F57BD0083DE56 /* entities.swift in Sources */,
				3B3BF19C2D5F5A780083DE56 /* terminal_output.swift in Sources */,
			);
			runOnlyForDeploymentPostprocessing = 0;
		};
		3BF2DC562D50C07E00520F48 /* Sources */ = {
			isa = PBXSourcesBuildPhase;
			buildActionMask = 2147483647;
			files = (
				3B8D30FA2D5E21EF0019031C /* extensions.swift in Sources */,
				3BAE669F2D539A3300AB79D3 /* linux_version.swift in Sources */,
				3B3BF18B2D5F50970083DE56 /* entities.swift in Sources */,
				3BF2DC702D50E0A900520F48 /* main.swift in Sources */,
				3B0C90192D5CABD2003FD494 /* mac_aliases.swift in Sources */,
				3BF2DC712D50E0A900520F48 /* terminal_output.swift in Sources */,
			);
			runOnlyForDeploymentPostprocessing = 0;
		};
/* End PBXSourcesBuildPhase section */

/* Begin XCBuildConfiguration section */
		3B3BF1952D5F57400083DE56 /* Debug */ = {
			isa = XCBuildConfiguration;
			buildSettings = {
				CODE_SIGN_STYLE = Automatic;
				CURRENT_PROJECT_VERSION = 21;
				DEVELOPMENT_TEAM = Y5J3K52DNA;
				GENERATE_INFOPLIST_FILE = YES;
				MACOSX_DEPLOYMENT_TARGET = 11.5;
				MARKETING_VERSION = 1.0;
				PRODUCT_BUNDLE_IDENTIFIER = com.bps.testDlist;
				PRODUCT_NAME = "$(TARGET_NAME)";
				SWIFT_EMIT_LOC_STRINGS = NO;
				SWIFT_VERSION = 5.0;
			};
			name = Debug;
		};
		3B3BF1962D5F57400083DE56 /* Release */ = {
			isa = XCBuildConfiguration;
			buildSettings = {
				CODE_SIGN_STYLE = Automatic;
				CURRENT_PROJECT_VERSION = 21;
				DEVELOPMENT_TEAM = Y5J3K52DNA;
				GENERATE_INFOPLIST_FILE = YES;
				MACOSX_DEPLOYMENT_TARGET = 11.5;
				MARKETING_VERSION = 1.0;
				PRODUCT_BUNDLE_IDENTIFIER = com.bps.testDlist;
				PRODUCT_NAME = "$(TARGET_NAME)";
				SWIFT_EMIT_LOC_STRINGS = NO;
				SWIFT_VERSION = 5.0;
			};
			name = Release;
		};
		3BF2DC5F2D50C07E00520F48 /* Debug */ = {
			isa = XCBuildConfiguration;
			buildSettings = {
				ALWAYS_SEARCH_USER_PATHS = NO;
				ASSETCATALOG_COMPILER_GENERATE_SWIFT_ASSET_SYMBOL_EXTENSIONS = YES;
				CLANG_ANALYZER_NONNULL = YES;
				CLANG_ANALYZER_NUMBER_OBJECT_CONVERSION = YES_AGGRESSIVE;
				CLANG_CXX_LANGUAGE_STANDARD = "gnu++20";
				CLANG_ENABLE_MODULES = YES;
				CLANG_ENABLE_OBJC_ARC = YES;
				CLANG_ENABLE_OBJC_WEAK = YES;
				CLANG_WARN_BLOCK_CAPTURE_AUTORELEASING = YES;
				CLANG_WARN_BOOL_CONVERSION = YES;
				CLANG_WARN_COMMA = YES;
				CLANG_WARN_CONSTANT_CONVERSION = YES;
				CLANG_WARN_DEPRECATED_OBJC_IMPLEMENTATIONS = YES;
				CLANG_WARN_DIRECT_OBJC_ISA_USAGE = YES_ERROR;
				CLANG_WARN_DOCUMENTATION_COMMENTS = YES;
				CLANG_WARN_EMPTY_BODY = YES;
				CLANG_WARN_ENUM_CONVERSION = YES;
				CLANG_WARN_INFINITE_RECURSION = YES;
				CLANG_WARN_INT_CONVERSION = YES;
				CLANG_WARN_NON_LITERAL_NULL_CONVERSION = YES;
				CLANG_WARN_OBJC_IMPLICIT_RETAIN_SELF = YES;
				CLANG_WARN_OBJC_LITERAL_CONVERSION = YES;
				CLANG_WARN_OBJC_ROOT_CLASS = YES_ERROR;
				CLANG_WARN_QUOTED_INCLUDE_IN_FRAMEWORK_HEADER = YES;
				CLANG_WARN_RANGE_LOOP_ANALYSIS = YES;
				CLANG_WARN_STRICT_PROTOTYPES = YES;
				CLANG_WARN_SUSPICIOUS_MOVE = YES;
				CLANG_WARN_UNGUARDED_AVAILABILITY = YES_AGGRESSIVE;
				CLANG_WARN_UNREACHABLE_CODE = YES;
				CLANG_WARN__DUPLICATE_METHOD_MATCH = YES;
				COPY_PHASE_STRIP = NO;
				CURRENT_PROJECT_VERSION = 21;
				DEBUG_INFORMATION_FORMAT = dwarf;
				ENABLE_STRICT_OBJC_MSGSEND = YES;
				ENABLE_TESTABILITY = YES;
				ENABLE_USER_SCRIPT_SANDBOXING = YES;
				GCC_C_LANGUAGE_STANDARD = gnu17;
				GCC_DYNAMIC_NO_PIC = NO;
				GCC_NO_COMMON_BLOCKS = YES;
				GCC_OPTIMIZATION_LEVEL = 0;
				GCC_PREPROCESSOR_DEFINITIONS = (
					"DEBUG=1",
					"$(inherited)",
				);
				GCC_WARN_64_TO_32_BIT_CONVERSION = YES;
				GCC_WARN_ABOUT_RETURN_TYPE = YES_ERROR;
				GCC_WARN_UNDECLARED_SELECTOR = YES;
				GCC_WARN_UNINITIALIZED_AUTOS = YES_AGGRESSIVE;
				GCC_WARN_UNUSED_FUNCTION = YES;
				GCC_WARN_UNUSED_VARIABLE = YES;
				LOCALIZATION_PREFERS_STRING_CATALOGS = YES;
				MACOSX_DEPLOYMENT_TARGET = 15.2;
				MARKETING_VERSION = 0.1.3;
				MTL_ENABLE_DEBUG_INFO = INCLUDE_SOURCE;
				MTL_FAST_MATH = YES;
				ONLY_ACTIVE_ARCH = YES;
				SDKROOT = macosx;
				SWIFT_ACTIVE_COMPILATION_CONDITIONS = "DEBUG $(inherited)";
				SWIFT_OPTIMIZATION_LEVEL = "-Onone";
				VERSIONING_SYSTEM = "";
			};
			name = Debug;
		};
		3BF2DC602D50C07E00520F48 /* Release */ = {
			isa = XCBuildConfiguration;
			buildSettings = {
				ALWAYS_SEARCH_USER_PATHS = NO;
				ASSETCATALOG_COMPILER_GENERATE_SWIFT_ASSET_SYMBOL_EXTENSIONS = YES;
				CLANG_ANALYZER_NONNULL = YES;
				CLANG_ANALYZER_NUMBER_OBJECT_CONVERSION = YES_AGGRESSIVE;
				CLANG_CXX_LANGUAGE_STANDARD = "gnu++20";
				CLANG_ENABLE_MODULES = YES;
				CLANG_ENABLE_OBJC_ARC = YES;
				CLANG_ENABLE_OBJC_WEAK = YES;
				CLANG_WARN_BLOCK_CAPTURE_AUTORELEASING = YES;
				CLANG_WARN_BOOL_CONVERSION = YES;
				CLANG_WARN_COMMA = YES;
				CLANG_WARN_CONSTANT_CONVERSION = YES;
				CLANG_WARN_DEPRECATED_OBJC_IMPLEMENTATIONS = YES;
				CLANG_WARN_DIRECT_OBJC_ISA_USAGE = YES_ERROR;
				CLANG_WARN_DOCUMENTATION_COMMENTS = YES;
				CLANG_WARN_EMPTY_BODY = YES;
				CLANG_WARN_ENUM_CONVERSION = YES;
				CLANG_WARN_INFINITE_RECURSION = YES;
				CLANG_WARN_INT_CONVERSION = YES;
				CLANG_WARN_NON_LITERAL_NULL_CONVERSION = YES;
				CLANG_WARN_OBJC_IMPLICIT_RETAIN_SELF = YES;
				CLANG_WARN_OBJC_LITERAL_CONVERSION = YES;
				CLANG_WARN_OBJC_ROOT_CLASS = YES_ERROR;
				CLANG_WARN_QUOTED_INCLUDE_IN_FRAMEWORK_HEADER = YES;
				CLANG_WARN_RANGE_LOOP_ANALYSIS = YES;
				CLANG_WARN_STRICT_PROTOTYPES = YES;
				CLANG_WARN_SUSPICIOUS_MOVE = YES;
				CLANG_WARN_UNGUARDED_AVAILABILITY = YES_AGGRESSIVE;
				CLANG_WARN_UNREACHABLE_CODE = YES;
				CLANG_WARN__DUPLICATE_METHOD_MATCH = YES;
				COPY_PHASE_STRIP = NO;
				CURRENT_PROJECT_VERSION = 21;
				DEBUG_INFORMATION_FORMAT = "dwarf-with-dsym";
				ENABLE_NS_ASSERTIONS = NO;
				ENABLE_STRICT_OBJC_MSGSEND = YES;
				ENABLE_USER_SCRIPT_SANDBOXING = YES;
				GCC_C_LANGUAGE_STANDARD = gnu17;
				GCC_NO_COMMON_BLOCKS = YES;
				GCC_WARN_64_TO_32_BIT_CONVERSION = YES;
				GCC_WARN_ABOUT_RETURN_TYPE = YES_ERROR;
				GCC_WARN_UNDECLARED_SELECTOR = YES;
				GCC_WARN_UNINITIALIZED_AUTOS = YES_AGGRESSIVE;
				GCC_WARN_UNUSED_FUNCTION = YES;
				GCC_WARN_UNUSED_VARIABLE = YES;
				LOCALIZATION_PREFERS_STRING_CATALOGS = YES;
				MACOSX_DEPLOYMENT_TARGET = 15.2;
				MARKETING_VERSION = 0.1.3;
				MTL_ENABLE_DEBUG_INFO = NO;
				MTL_FAST_MATH = YES;
				SDKROOT = macosx;
				SWIFT_COMPILATION_MODE = wholemodule;
				VERSIONING_SYSTEM = "";
			};
			name = Release;
		};
		3BF2DC622D50C07E00520F48 /* Debug */ = {
			isa = XCBuildConfiguration;
			buildSettings = {
				"CODE_SIGN_IDENTITY[sdk=macosx*]" = "Developer ID Application";
				CODE_SIGN_STYLE = Manual;
				CREATE_INFOPLIST_SECTION_IN_BINARY = YES;
				CURRENT_PROJECT_VERSION = 21;
				DEVELOPMENT_TEAM = "";
				"DEVELOPMENT_TEAM[sdk=macosx*]" = Y5J3K52DNA;
				DSTROOT = $SRCROOT/build/pkgroot;
				ENABLE_HARDENED_RUNTIME = YES;
				INFOPLIST_FILE = dlist/Info.plist;
				MACOSX_DEPLOYMENT_TARGET = 11.5;
				MARKETING_VERSION = 0.1.5;
				PRODUCT_BUNDLE_IDENTIFIER = com.bps.dlist;
				PRODUCT_NAME = "$(TARGET_NAME)";
				PROVISIONING_PROFILE_SPECIFIER = "";
				SWIFT_VERSION = 5.0;
			};
			name = Debug;
		};
		3BF2DC632D50C07E00520F48 /* Release */ = {
			isa = XCBuildConfiguration;
			buildSettings = {
				"CODE_SIGN_IDENTITY[sdk=macosx*]" = "Developer ID Application";
				CODE_SIGN_STYLE = Manual;
				CREATE_INFOPLIST_SECTION_IN_BINARY = YES;
				CURRENT_PROJECT_VERSION = 21;
				DEVELOPMENT_TEAM = "";
				"DEVELOPMENT_TEAM[sdk=macosx*]" = Y5J3K52DNA;
				DSTROOT = $SRCROOT/build/pkgroot;
				ENABLE_HARDENED_RUNTIME = YES;
				INFOPLIST_FILE = dlist/Info.plist;
				MACOSX_DEPLOYMENT_TARGET = 11.5;
				MARKETING_VERSION = 0.1.5;
				PRODUCT_BUNDLE_IDENTIFIER = com.bps.dlist;
				PRODUCT_NAME = "$(TARGET_NAME)";
				PROVISIONING_PROFILE_SPECIFIER = "";
				SWIFT_VERSION = 5.0;
			};
			name = Release;
		};
/* End XCBuildConfiguration section */

/* Begin XCConfigurationList section */
		3B3BF1942D5F57400083DE56 /* Build configuration list for PBXNativeTarget "testDlist" */ = {
			isa = XCConfigurationList;
			buildConfigurations = (
				3B3BF1952D5F57400083DE56 /* Debug */,
				3B3BF1962D5F57400083DE56 /* Release */,
			);
			defaultConfigurationIsVisible = 0;
			defaultConfigurationName = Release;
		};
		3BF2DC552D50C07E00520F48 /* Build configuration list for PBXProject "dlist" */ = {
			isa = XCConfigurationList;
			buildConfigurations = (
				3BF2DC5F2D50C07E00520F48 /* Debug */,
				3BF2DC602D50C07E00520F48 /* Release */,
			);
			defaultConfigurationIsVisible = 0;
			defaultConfigurationName = Release;
		};
		3BF2DC612D50C07E00520F48 /* Build configuration list for PBXNativeTarget "dlist" */ = {
			isa = XCConfigurationList;
			buildConfigurations = (
				3BF2DC622D50C07E00520F48 /* Debug */,
				3BF2DC632D50C07E00520F48 /* Release */,
			);
			defaultConfigurationIsVisible = 0;
			defaultConfigurationName = Release;
		};
/* End XCConfigurationList section */
	};
	rootObject = 3BF2DC522D50C07E00520F48 /* Project object */;
}
